
Microsoft Visual Studio Solution File, Format Version 12.00
# Visual Studio Version 16
VisualStudioVersion = 16.0.32413.511
MinimumVisualStudioVersion = 10.0.40219.1
Project("{FAE04EC0-301F-11D3-BF4B-00C04F79EFBC}") = "数字あてゲーム", "数字あてゲーム\数字あてゲーム.csproj", "{8572CE2F-66F1-4B4A-A2A9-B8B63D320EFC}"
EndProject
Global
	GlobalSection(SolutionConfigurationPlatforms) = preSolution
		Debug|Any CPU = Debug|Any CPU
		Release|Any CPU = Release|Any CPU
	EndGlobalSection
	GlobalSection(ProjectConfigurationPlatforms) = postSolution
		{8572CE2F-66F1-4B4A-A2A9-B8B63D320EFC}.Debug|Any CPU.ActiveCfg = Debug|Any CPU
		{8572CE2F-66F1-4B4A-A2A9-B8B63D320EFC}.Debug|Any CPU.Build.0 = Debug|Any CPU
		{8572CE2F-66F1-4B4A-A2A9-B8B63D320EFC}.Release|Any CPU.ActiveCfg = Release|Any CPU
		{8572CE2F-66F1-4B4A-A2A9-B8B63D320EFC}.Release|Any CPU.Build.0 = Release|Any CPU
	EndGlobalSection
	GlobalSection(SolutionProperties) = preSolution
		HideSolutionNode = FALSE
	EndGlobalSection
	GlobalSection(ExtensibilityGlobals) = postSolution
		SolutionGuid = {5B039C8C-B969-4F0D-B8D1-482047431D35}
	EndGlobalSection
EndGlobal
